
Microsoft Visual Studio Solution File, Format Version 12.00
# Visual Studio Version 17
VisualStudioVersion = 17.4.33213.308
MinimumVisualStudioVersion = 10.0.40219.1
Project("{FAE04EC0-301F-11D3-BF4B-00C04F79EFBC}") = "Ejercicio24.Seguimiento", "Ejercicio24.Seguimiento\Ejercicio24.Seguimiento.csproj", "{EF750E75-DA47-4D2D-A9B4-E39446D02572}"
EndProject
Global
	GlobalSection(SolutionConfigurationPlatforms) = preSolution
		Debug|Any CPU = Debug|Any CPU
		Release|Any CPU = Release|Any CPU
	EndGlobalSection
	GlobalSection(ProjectConfigurationPlatforms) = postSolution
		{EF750E75-DA47-4D2D-A9B4-E39446D02572}.Debug|Any CPU.ActiveCfg = Debug|Any CPU
		{EF750E75-DA47-4D2D-A9B4-E39446D02572}.Debug|Any CPU.Build.0 = Debug|Any CPU
		{EF750E75-DA47-4D2D-A9B4-E39446D02572}.Release|Any CPU.ActiveCfg = Release|Any CPU
		{EF750E75-DA47-4D2D-A9B4-E39446D02572}.Release|Any CPU.Build.0 = Release|Any CPU
	EndGlobalSection
	GlobalSection(SolutionProperties) = preSolution
		HideSolutionNode = FALSE
	EndGlobalSection
	GlobalSection(ExtensibilityGlobals) = postSolution
		SolutionGuid = {EEFBE1B9-7546-4938-85A4-E9C2E90E05EE}
	EndGlobalSection
EndGlobal
